
Microsoft Visual Studio Solution File, Format Version 12.00
# Visual Studio Version 17
VisualStudioVersion = 17.7.34009.444
MinimumVisualStudioVersion = 10.0.40219.1
Project("{9A19103F-16F7-4668-BE54-9A1E7A4F7556}") = "BuyMovies", "BuyMovies\BuyMovies.csproj", "{59223668-ABB0-4600-9159-7049D01F00E1}"
EndProject
Project("{9A19103F-16F7-4668-BE54-9A1E7A4F7556}") = "Movies.DAL", "Movies.DAL\Movies.DAL.csproj", "{C0F6FD2A-88F5-426E-B964-4135CDAB2C4C}"
EndProject
Project("{9A19103F-16F7-4668-BE54-9A1E7A4F7556}") = "Movies.BLL", "Movies.BLL\Movies.BLL.csproj", "{997D565B-5005-47C8-9078-141EB7BE9954}"
EndProject
Global
	GlobalSection(SolutionConfigurationPlatforms) = preSolution
		Debug|Any CPU = Debug|Any CPU
		Release|Any CPU = Release|Any CPU
	EndGlobalSection
	GlobalSection(ProjectConfigurationPlatforms) = postSolution
		{59223668-ABB0-4600-9159-7049D01F00E1}.Debug|Any CPU.ActiveCfg = Debug|Any CPU
		{59223668-ABB0-4600-9159-7049D01F00E1}.Debug|Any CPU.Build.0 = Debug|Any CPU
		{59223668-ABB0-4600-9159-7049D01F00E1}.Release|Any CPU.ActiveCfg = Release|Any CPU
		{59223668-ABB0-4600-9159-7049D01F00E1}.Release|Any CPU.Build.0 = Release|Any CPU
		{C0F6FD2A-88F5-426E-B964-4135CDAB2C4C}.Debug|Any CPU.ActiveCfg = Debug|Any CPU
		{C0F6FD2A-88F5-426E-B964-4135CDAB2C4C}.Debug|Any CPU.Build.0 = Debug|Any CPU
		{C0F6FD2A-88F5-426E-B964-4135CDAB2C4C}.Release|Any CPU.ActiveCfg = Release|Any CPU
		{C0F6FD2A-88F5-426E-B964-4135CDAB2C4C}.Release|Any CPU.Build.0 = Release|Any CPU
		{997D565B-5005-47C8-9078-141EB7BE9954}.Debug|Any CPU.ActiveCfg = Debug|Any CPU
		{997D565B-5005-47C8-9078-141EB7BE9954}.Debug|Any CPU.Build.0 = Debug|Any CPU
		{997D565B-5005-47C8-9078-141EB7BE9954}.Release|Any CPU.ActiveCfg = Release|Any CPU
		{997D565B-5005-47C8-9078-141EB7BE9954}.Release|Any CPU.Build.0 = Release|Any CPU
	EndGlobalSection
	GlobalSection(SolutionProperties) = preSolution
		HideSolutionNode = FALSE
	EndGlobalSection
	GlobalSection(ExtensibilityGlobals) = postSolution
		SolutionGuid = {A83F93F0-944E-4A58-94BF-DD84BBD93E65}
	EndGlobalSection
EndGlobal
